
Microsoft Visual Studio Solution File, Format Version 12.00
# Visual Studio Version 17
VisualStudioVersion = 17.5.002.0
MinimumVisualStudioVersion = 10.0.40219.1
Project("{9A19103F-16F7-4668-BE54-9A1E7A4F7556}") = "DemoDotnet8BlazorQuickGrid", "DemoDotnet8BlazorQuickGrid.csproj", "{70BFF5E3-5956-45A7-9199-9AC13D0A9938}"
EndProject
Global
	GlobalSection(SolutionConfigurationPlatforms) = preSolution
		Debug|Any CPU = Debug|Any CPU
		Release|Any CPU = Release|Any CPU
	EndGlobalSection
	GlobalSection(ProjectConfigurationPlatforms) = postSolution
		{70BFF5E3-5956-45A7-9199-9AC13D0A9938}.Debug|Any CPU.ActiveCfg = Debug|Any CPU
		{70BFF5E3-5956-45A7-9199-9AC13D0A9938}.Debug|Any CPU.Build.0 = Debug|Any CPU
		{70BFF5E3-5956-45A7-9199-9AC13D0A9938}.Release|Any CPU.ActiveCfg = Release|Any CPU
		{70BFF5E3-5956-45A7-9199-9AC13D0A9938}.Release|Any CPU.Build.0 = Release|Any CPU
	EndGlobalSection
	GlobalSection(SolutionProperties) = preSolution
		HideSolutionNode = FALSE
	EndGlobalSection
	GlobalSection(ExtensibilityGlobals) = postSolution
		SolutionGuid = {28D4E795-174A-4892-9F64-423412D70AB7}
	EndGlobalSection
EndGlobal
